<?xml version="1.0" encoding="utf-8"?>
<Project ToolsVersion="4.0" xmlns="http://schemas.microsoft.com/developer/msbuild/2003">
  <ItemGroup>
    <Filter Include="Source Files">
      <UniqueIdentifier>{4FC737F1-C7A5-4376-A066-2A32D752A2FF}</UniqueIdentifier>
      <Extensions>cpp;c;cc;cxx;def;odl;idl;hpj;bat;asm;asmx</Extensions>
    </Filter>
    <Filter Include="Header Files">
      <UniqueIdentifier>{93995380-89BD-4b04-88EB-625FBE52EBFB}</UniqueIdentifier>
      <Extensions>h;hh;hpp;hxx;hm;inl;inc;xsd</Extensions>
    </Filter>
    <Filter Include="Resource Files">
      <UniqueIdentifier>{67DA6AB6-F800-4c08-8B7A-83BB121AAD01}</UniqueIdentifier>
      <Extensions>rc;ico;cur;bmp;dlg;rc2;rct;bin;rgs;gif;jpg;jpeg;jpe;resx;tiff;tif;png;wav;mfcribbon-ms</Extensions>
    </Filter>
    <Filter Include="Header Files\matrix">
      <UniqueIdentifier>{b2ab06c0-8b78-45e2-ae01-3c0f98c82189}</UniqueIdentifier>
    </Filter>
    <Filter Include="Source Files\matrix">
      <UniqueIdentifier>{851a94ea-72d2-4cdb-bb38-fa812b39ae79}</UniqueIdentifier>
    </Filter>
    <Filter Include="Header Files\network">
      <UniqueIdentifier>{f07f202e-c6db-42ef-bd15-173ad184aa95}</UniqueIdentifier>
    </Filter>
    <Filter Include="Source Files\network">
      <UniqueIdentifier>{9bce2755-be03-4bff-b95b-6582072647a8}</UniqueIdentifier>
    </Filter>
    <Filter Include="Source Files\math">
      <UniqueIdentifier>{0d23c572-1031-44ea-bc1b-cd54172963fe}</UniqueIdentifier>
    </Filter>
    <Filter Include="Header Files\math">
      <UniqueIdentifier>{5abad40e-80f1-45ba-9078-dbaa49dc9ca6}</UniqueIdentifier>
    </Filter>
  </ItemGroup>
  <ItemGroup>
    <ClCompile Include="sources\main.cpp">
      <Filter>Source Files</Filter>
    </ClCompile>
    <ClCompile Include="sources\matrix.cpp">
      <Filter>Source Files\matrix</Filter>
    </ClCompile>
    <ClCompile Include="sources\matrix_arithmetic.cpp">
      <Filter>Source Files\matrix</Filter>
    </ClCompile>
    <ClCompile Include="sources\matrix_multiplication.cpp">
      <Filter>Source Files\matrix</Filter>
    </ClCompile>
    <ClCompile Include="sources\network.cpp">
      <Filter>Source Files\network</Filter>
    </ClCompile>
    <ClCompile Include="sources\matrix_misc.cpp">
      <Filter>Source Files\matrix</Filter>
    </ClCompile>
    <ClCompile Include="sources\sigmoid.cpp">
      <Filter>Source Files\math</Filter>
    </ClCompile>
    <ClCompile Include="sources\gaussian.cpp">
      <Filter>Source Files\math</Filter>
    </ClCompile>
    <ClCompile Include="sources\softplus.cpp">
      <Filter>Source Files\math</Filter>
    </ClCompile>
  </ItemGroup>
  <ItemGroup>
    <ClInclude Include="headers\header.h">
      <Filter>Header Files</Filter>
    </ClInclude>
    <ClInclude Include="headers\matrix.h">
      <Filter>Header Files\matrix</Filter>
    </ClInclude>
    <ClInclude Include="headers\network.h">
      <Filter>Header Files\network</Filter>
    </ClInclude>
    <ClInclude Include="headers\activation.h">
      <Filter>Header Files\math</Filter>
    </ClInclude>
    <ClInclude Include="headers\gaussian.h">
      <Filter>Header Files\math</Filter>
    </ClInclude>
  </ItemGroup>
</Project>